
Microsoft Visual Studio Solution File, Format Version 12.00
# Visual Studio Version 17
VisualStudioVersion = 17.0.31903.59
MinimumVisualStudioVersion = 10.0.40219.1
Project("{FAE04EC0-301F-11D3-BF4B-00C04F79EFBC}") = "Fina.Api", "Fina.Api\Fina.Api.csproj", "{B023A123-B762-4548-AB0B-E513F11093B6}"
EndProject
Project("{FAE04EC0-301F-11D3-BF4B-00C04F79EFBC}") = "Fina.Core", "Fina.Core\Fina.Core.csproj", "{D89B7481-81E3-4846-A457-71518048051B}"
EndProject
Project("{FAE04EC0-301F-11D3-BF4B-00C04F79EFBC}") = "Fina.Web", "Fina.Web\Fina.Web.csproj", "{19B13CD2-FA08-43A5-AFC1-76D6B07A8601}"
EndProject
Global
	GlobalSection(SolutionConfigurationPlatforms) = preSolution
		Debug|Any CPU = Debug|Any CPU
		Release|Any CPU = Release|Any CPU
	EndGlobalSection
	GlobalSection(SolutionProperties) = preSolution
		HideSolutionNode = FALSE
	EndGlobalSection
	GlobalSection(ProjectConfigurationPlatforms) = postSolution
		{B023A123-B762-4548-AB0B-E513F11093B6}.Debug|Any CPU.ActiveCfg = Debug|Any CPU
		{B023A123-B762-4548-AB0B-E513F11093B6}.Debug|Any CPU.Build.0 = Debug|Any CPU
		{B023A123-B762-4548-AB0B-E513F11093B6}.Release|Any CPU.ActiveCfg = Release|Any CPU
		{B023A123-B762-4548-AB0B-E513F11093B6}.Release|Any CPU.Build.0 = Release|Any CPU
		{D89B7481-81E3-4846-A457-71518048051B}.Debug|Any CPU.ActiveCfg = Debug|Any CPU
		{D89B7481-81E3-4846-A457-71518048051B}.Debug|Any CPU.Build.0 = Debug|Any CPU
		{D89B7481-81E3-4846-A457-71518048051B}.Release|Any CPU.ActiveCfg = Release|Any CPU
		{D89B7481-81E3-4846-A457-71518048051B}.Release|Any CPU.Build.0 = Release|Any CPU
		{19B13CD2-FA08-43A5-AFC1-76D6B07A8601}.Debug|Any CPU.ActiveCfg = Debug|Any CPU
		{19B13CD2-FA08-43A5-AFC1-76D6B07A8601}.Debug|Any CPU.Build.0 = Debug|Any CPU
		{19B13CD2-FA08-43A5-AFC1-76D6B07A8601}.Release|Any CPU.ActiveCfg = Release|Any CPU
		{19B13CD2-FA08-43A5-AFC1-76D6B07A8601}.Release|Any CPU.Build.0 = Release|Any CPU
	EndGlobalSection
EndGlobal
